
Microsoft Visual Studio Solution File, Format Version 12.00
# Visual Studio Version 16
VisualStudioVersion = 16.0.29319.158
MinimumVisualStudioVersion = 10.0.40219.1
Project("{FAE04EC0-301F-11D3-BF4B-00C04F79EFBC}") = "PIndividual.DAL", "PIndividual.DAL\PIndividual.DAL.csproj", "{BDA6616B-EFC2-40D8-9113-BC03A9DE4F26}"
EndProject
Project("{FAE04EC0-301F-11D3-BF4B-00C04F79EFBC}") = "PIndividual.Pruebas", "PIndividual.Pruebas\PIndividual.Pruebas.csproj", "{CE20902C-701B-45FC-9CFC-F69730E68CED}"
EndProject
Project("{FAE04EC0-301F-11D3-BF4B-00C04F79EFBC}") = "PIndividual.BIN", "PIndividual.BIN\PIndividual.BIN.csproj", "{4607FA7E-EE96-4233-9000-5B2BD76780EF}"
EndProject
Project("{FAE04EC0-301F-11D3-BF4B-00C04F79EFBC}") = "PIndividual.DAL.CF", "PIndividual.DAL.CF\PIndividual.DAL.CF.csproj", "{532FDE83-E020-492B-B8F4-2858DAEBF35D}"
EndProject
Project("{FAE04EC0-301F-11D3-BF4B-00C04F79EFBC}") = "PIndividual.DAL.AE", "PIndividual.DAL.AE\PIndividual.DAL.AE.csproj", "{158AA9C9-D812-4704-B8F4-4CB69D7B9822}"
EndProject
Global
	GlobalSection(SolutionConfigurationPlatforms) = preSolution
		Debug|Any CPU = Debug|Any CPU
		Release|Any CPU = Release|Any CPU
	EndGlobalSection
	GlobalSection(ProjectConfigurationPlatforms) = postSolution
		{BDA6616B-EFC2-40D8-9113-BC03A9DE4F26}.Debug|Any CPU.ActiveCfg = Debug|Any CPU
		{BDA6616B-EFC2-40D8-9113-BC03A9DE4F26}.Debug|Any CPU.Build.0 = Debug|Any CPU
		{BDA6616B-EFC2-40D8-9113-BC03A9DE4F26}.Release|Any CPU.ActiveCfg = Release|Any CPU
		{BDA6616B-EFC2-40D8-9113-BC03A9DE4F26}.Release|Any CPU.Build.0 = Release|Any CPU
		{CE20902C-701B-45FC-9CFC-F69730E68CED}.Debug|Any CPU.ActiveCfg = Debug|Any CPU
		{CE20902C-701B-45FC-9CFC-F69730E68CED}.Debug|Any CPU.Build.0 = Debug|Any CPU
		{CE20902C-701B-45FC-9CFC-F69730E68CED}.Release|Any CPU.ActiveCfg = Release|Any CPU
		{CE20902C-701B-45FC-9CFC-F69730E68CED}.Release|Any CPU.Build.0 = Release|Any CPU
		{4607FA7E-EE96-4233-9000-5B2BD76780EF}.Debug|Any CPU.ActiveCfg = Debug|Any CPU
		{4607FA7E-EE96-4233-9000-5B2BD76780EF}.Debug|Any CPU.Build.0 = Debug|Any CPU
		{4607FA7E-EE96-4233-9000-5B2BD76780EF}.Release|Any CPU.ActiveCfg = Release|Any CPU
		{4607FA7E-EE96-4233-9000-5B2BD76780EF}.Release|Any CPU.Build.0 = Release|Any CPU
		{532FDE83-E020-492B-B8F4-2858DAEBF35D}.Debug|Any CPU.ActiveCfg = Debug|Any CPU
		{532FDE83-E020-492B-B8F4-2858DAEBF35D}.Debug|Any CPU.Build.0 = Debug|Any CPU
		{532FDE83-E020-492B-B8F4-2858DAEBF35D}.Release|Any CPU.ActiveCfg = Release|Any CPU
		{532FDE83-E020-492B-B8F4-2858DAEBF35D}.Release|Any CPU.Build.0 = Release|Any CPU
		{158AA9C9-D812-4704-B8F4-4CB69D7B9822}.Debug|Any CPU.ActiveCfg = Debug|Any CPU
		{158AA9C9-D812-4704-B8F4-4CB69D7B9822}.Debug|Any CPU.Build.0 = Debug|Any CPU
		{158AA9C9-D812-4704-B8F4-4CB69D7B9822}.Release|Any CPU.ActiveCfg = Release|Any CPU
		{158AA9C9-D812-4704-B8F4-4CB69D7B9822}.Release|Any CPU.Build.0 = Release|Any CPU
	EndGlobalSection
	GlobalSection(SolutionProperties) = preSolution
		HideSolutionNode = FALSE
	EndGlobalSection
	GlobalSection(ExtensibilityGlobals) = postSolution
		SolutionGuid = {4A14554D-CB59-4E17-89AB-F6FA407CEE99}
	EndGlobalSection
EndGlobal
